Microsoft Visual Studio Solution File, Format Version 11.00
# Visual Studio 2008

Project("{58D12DED-6B8C-D611-1135-18DA422F41DC}") = "NUnity", "Assembly-CSharp.csproj", "{D2538AAA-479E-108C-5AB5-DF2770C8F9F6}"
EndProject
Project("{58D12DED-6B8C-D611-1135-18DA422F41DC}") = "NUnity", "Assembly-CSharp-Editor.csproj", "{F70E8FE3-3CC9-DEC2-1346-A0202CE73C25}"
EndProject
Global
	GlobalSection(SolutionConfigurationPlatforms) = preSolution
		Debug|Any CPU = Debug|Any CPU
		Release|Any CPU = Release|Any CPU
	EndGlobalSection
	GlobalSection(ProjectConfigurationPlatforms) = postSolution
		{D2538AAA-479E-108C-5AB5-DF2770C8F9F6}.Debug|Any CPU.ActiveCfg = Debug|Any CPU
		{D2538AAA-479E-108C-5AB5-DF2770C8F9F6}.Debug|Any CPU.Build.0 = Debug|Any CPU
		{D2538AAA-479E-108C-5AB5-DF2770C8F9F6}.Release|Any CPU.ActiveCfg = Release|Any CPU
		{D2538AAA-479E-108C-5AB5-DF2770C8F9F6}.Release|Any CPU.Build.0 = Release|Any CPU
		{F70E8FE3-3CC9-DEC2-1346-A0202CE73C25}.Debug|Any CPU.ActiveCfg = Debug|Any CPU
		{F70E8FE3-3CC9-DEC2-1346-A0202CE73C25}.Debug|Any CPU.Build.0 = Debug|Any CPU
		{F70E8FE3-3CC9-DEC2-1346-A0202CE73C25}.Release|Any CPU.ActiveCfg = Release|Any CPU
		{F70E8FE3-3CC9-DEC2-1346-A0202CE73C25}.Release|Any CPU.Build.0 = Release|Any CPU
	EndGlobalSection
	GlobalSection(SolutionProperties) = preSolution
		HideSolutionNode = FALSE
	EndGlobalSection
																																																																																																					GlobalSection(MonoDevelopProperties) = preSolution
		StartupItem = Assembly-CSharp.csproj
		Policies = $0
		$0.TextStylePolicy = $1
		$1.inheritsSet = null
		$1.scope = text/x-csharp
		$0.CSharpFormattingPolicy = $2
		$2.inheritsSet = Mono
		$2.inheritsScope = text/x-csharp
		$2.scope = text/x-csharp
		$0.TextStylePolicy = $3
		$3.FileWidth = 120
		$3.TabWidth = 4
		$3.EolMarker = Unix
		$3.inheritsSet = Mono
		$3.inheritsScope = text/plain
		$3.scope = text/plain
	EndGlobalSection

EndGlobal
