
Microsoft Visual Studio Solution File, Format Version 11.00
# Visual Studio 2010
Project("{FAE04EC0-301F-11D3-BF4B-00C04F79EFBC}") = "MonoDevelop.NUnit", "MonoDevelop.NUnit.csproj", "50A311E2-1FEC-4791-82E2-78A35363798F"
EndProject
Project("{FAE04EC0-301F-11D3-BF4B-00C04F79EFBC}") = "NUnitRunner", "..\NUnitRunner\NUnitRunner.csproj", "97BCAF46-2BD1-4D34-8BFC-53D077B49287"
EndProject
Global
	GlobalSection(SolutionConfigurationPlatforms) = preSolution
		Debug|Any CPU = Debug|Any CPU
		Release|Any CPU = Release|Any CPU
	EndGlobalSection
	GlobalSection(ProjectConfigurationPlatforms) = postSolution
		50A311E2-1FEC-4791-82E2-78A35363798F.Debug|Any CPU.ActiveCfg = Debug|Any CPU
		50A311E2-1FEC-4791-82E2-78A35363798F.Debug|Any CPU.Build.0 = Debug|Any CPU
		50A311E2-1FEC-4791-82E2-78A35363798F.Release|Any CPU.ActiveCfg = Release|Any CPU
		50A311E2-1FEC-4791-82E2-78A35363798F.Release|Any CPU.Build.0 = Release|Any CPU
		97BCAF46-2BD1-4D34-8BFC-53D077B49287.Debug|Any CPU.ActiveCfg = Debug|Any CPU
		97BCAF46-2BD1-4D34-8BFC-53D077B49287.Debug|Any CPU.Build.0 = Debug|Any CPU
		97BCAF46-2BD1-4D34-8BFC-53D077B49287.Release|Any CPU.ActiveCfg = Release|Any CPU
		97BCAF46-2BD1-4D34-8BFC-53D077B49287.Release|Any CPU.Build.0 = Release|Any CPU
	EndGlobalSection
	GlobalSection(MonoDevelopProperties) = preSolution
		StartupItem = MonoDevelop.NUnit.csproj
	EndGlobalSection
EndGlobal
